
Microsoft Visual Studio Solution File, Format Version 12.00
# Visual Studio Version 17
VisualStudioVersion = 17.6.33829.357
MinimumVisualStudioVersion = 10.0.40219.1
Project("{9A19103F-16F7-4668-BE54-9A1E7A4F7556}") = "NarwalRobotTest", "NarwalRobotTest.csproj", "{17CD6741-BA9E-4618-B67F-CE9769923744}"
EndProject
Project("{9A19103F-16F7-4668-BE54-9A1E7A4F7556}") = "NarwalRobotTest.Test", "..\NarwalRobotTest.Test\NarwalRobotTest.Test.csproj", "{DD837898-4408-4BF7-B2FD-491AEF76D94C}"
EndProject
Project("{FAE04EC0-301F-11D3-BF4B-00C04F79EFBC}") = "NarwalRobotTestWebApp", "..\NarwalRobotTestWebApp\NarwalRobotTestWebApp.csproj", "{FFAF29E4-D644-4F34-BFD7-C82E99F2C9E6}"
EndProject
Global
	GlobalSection(SolutionConfigurationPlatforms) = preSolution
		Debug|Any CPU = Debug|Any CPU
		Release|Any CPU = Release|Any CPU
	EndGlobalSection
	GlobalSection(ProjectConfigurationPlatforms) = postSolution
		{17CD6741-BA9E-4618-B67F-CE9769923744}.Debug|Any CPU.ActiveCfg = Debug|Any CPU
		{17CD6741-BA9E-4618-B67F-CE9769923744}.Debug|Any CPU.Build.0 = Debug|Any CPU
		{17CD6741-BA9E-4618-B67F-CE9769923744}.Release|Any CPU.ActiveCfg = Release|Any CPU
		{17CD6741-BA9E-4618-B67F-CE9769923744}.Release|Any CPU.Build.0 = Release|Any CPU
		{DD837898-4408-4BF7-B2FD-491AEF76D94C}.Debug|Any CPU.ActiveCfg = Debug|Any CPU
		{DD837898-4408-4BF7-B2FD-491AEF76D94C}.Debug|Any CPU.Build.0 = Debug|Any CPU
		{DD837898-4408-4BF7-B2FD-491AEF76D94C}.Release|Any CPU.ActiveCfg = Release|Any CPU
		{DD837898-4408-4BF7-B2FD-491AEF76D94C}.Release|Any CPU.Build.0 = Release|Any CPU
		{FFAF29E4-D644-4F34-BFD7-C82E99F2C9E6}.Debug|Any CPU.ActiveCfg = Debug|Any CPU
		{FFAF29E4-D644-4F34-BFD7-C82E99F2C9E6}.Debug|Any CPU.Build.0 = Debug|Any CPU
		{FFAF29E4-D644-4F34-BFD7-C82E99F2C9E6}.Release|Any CPU.ActiveCfg = Release|Any CPU
		{FFAF29E4-D644-4F34-BFD7-C82E99F2C9E6}.Release|Any CPU.Build.0 = Release|Any CPU
	EndGlobalSection
	GlobalSection(SolutionProperties) = preSolution
		HideSolutionNode = FALSE
	EndGlobalSection
	GlobalSection(ExtensibilityGlobals) = postSolution
		SolutionGuid = {593D65F2-4F0F-4C7D-A77C-09B5BDB13C98}
	EndGlobalSection
EndGlobal
